
Microsoft Visual Studio Solution File, Format Version 12.00
# Visual Studio Version 17
VisualStudioVersion = 17.0.31912.275
MinimumVisualStudioVersion = 10.0.40219.1
Project("{9A19103F-16F7-4668-BE54-9A1E7A4F7556}") = "Web_API", "Web_API\Web_API.csproj", "{28552090-429B-4319-BF17-41A139FB9D6E}"
EndProject
Project("{9A19103F-16F7-4668-BE54-9A1E7A4F7556}") = "Class_Library", "Class_Library\Class_Library.csproj", "{2318DAAD-8987-430F-99BE-4D02143481A9}"
EndProject
Project("{FAE04EC0-301F-11D3-BF4B-00C04F79EFBC}") = "Web_App", "Web_App\Web_App.csproj", "{F346A961-3F15-4745-B127-B5BBE72097C9}"
EndProject
Global
	GlobalSection(SolutionConfigurationPlatforms) = preSolution
		Debug|Any CPU = Debug|Any CPU
		Release|Any CPU = Release|Any CPU
	EndGlobalSection
	GlobalSection(ProjectConfigurationPlatforms) = postSolution
		{28552090-429B-4319-BF17-41A139FB9D6E}.Debug|Any CPU.ActiveCfg = Debug|Any CPU
		{28552090-429B-4319-BF17-41A139FB9D6E}.Debug|Any CPU.Build.0 = Debug|Any CPU
		{28552090-429B-4319-BF17-41A139FB9D6E}.Release|Any CPU.ActiveCfg = Release|Any CPU
		{28552090-429B-4319-BF17-41A139FB9D6E}.Release|Any CPU.Build.0 = Release|Any CPU
		{2318DAAD-8987-430F-99BE-4D02143481A9}.Debug|Any CPU.ActiveCfg = Debug|Any CPU
		{2318DAAD-8987-430F-99BE-4D02143481A9}.Debug|Any CPU.Build.0 = Debug|Any CPU
		{2318DAAD-8987-430F-99BE-4D02143481A9}.Release|Any CPU.ActiveCfg = Release|Any CPU
		{2318DAAD-8987-430F-99BE-4D02143481A9}.Release|Any CPU.Build.0 = Release|Any CPU
		{F346A961-3F15-4745-B127-B5BBE72097C9}.Debug|Any CPU.ActiveCfg = Debug|Any CPU
		{F346A961-3F15-4745-B127-B5BBE72097C9}.Debug|Any CPU.Build.0 = Debug|Any CPU
		{F346A961-3F15-4745-B127-B5BBE72097C9}.Release|Any CPU.ActiveCfg = Release|Any CPU
		{F346A961-3F15-4745-B127-B5BBE72097C9}.Release|Any CPU.Build.0 = Release|Any CPU
	EndGlobalSection
	GlobalSection(SolutionProperties) = preSolution
		HideSolutionNode = FALSE
	EndGlobalSection
	GlobalSection(ExtensibilityGlobals) = postSolution
		SolutionGuid = {2110E370-3641-415C-8E24-39133879F721}
	EndGlobalSection
EndGlobal
